
Microsoft Visual Studio Solution File, Format Version 12.00
# Visual Studio Version 16
VisualStudioVersion = 16.0.30104.148
MinimumVisualStudioVersion = 10.0.40219.1
Project("{FAE04EC0-301F-11D3-BF4B-00C04F79EFBC}") = "ProjekatApi", "ProjekatApi\ProjekatApi.csproj", "{7804337A-61B9-4E47-95F8-977576DF2874}"
EndProject
Global
	GlobalSection(SolutionConfigurationPlatforms) = preSolution
		Debug|Any CPU = Debug|Any CPU
		Release|Any CPU = Release|Any CPU
	EndGlobalSection
	GlobalSection(ProjectConfigurationPlatforms) = postSolution
		{7804337A-61B9-4E47-95F8-977576DF2874}.Debug|Any CPU.ActiveCfg = Debug|Any CPU
		{7804337A-61B9-4E47-95F8-977576DF2874}.Debug|Any CPU.Build.0 = Debug|Any CPU
		{7804337A-61B9-4E47-95F8-977576DF2874}.Release|Any CPU.ActiveCfg = Release|Any CPU
		{7804337A-61B9-4E47-95F8-977576DF2874}.Release|Any CPU.Build.0 = Release|Any CPU
	EndGlobalSection
	GlobalSection(SolutionProperties) = preSolution
		HideSolutionNode = FALSE
	EndGlobalSection
	GlobalSection(ExtensibilityGlobals) = postSolution
		SolutionGuid = {B1965E04-5C01-4652-8154-7CD0CD00F90A}
	EndGlobalSection
EndGlobal
